# This file is @generated by PDM.
# It is not intended for manual editing.

[metadata]
groups = ["default"]
strategy = ["inherit_metadata"]
lock_version = "4.5.0"
content_hash = "sha256:223a1b8d576f2a0d16d88268310b89cecfdd5eed9301d29a027b05c18dfd0be0"

[[metadata.targets]]
requires_python = ">=3.9"
