version = 1
revision = 1
requires-python = ">=3.7"
resolution-markers = [
    "python_full_version >= '3.9'",
    "python_full_version < '3.9'",
]

[[package]]
name = "notebookr"
version = "0.1.5"
source = { editable = "." }
dependencies = [
    { name = "stdlib-list", version = "0.10.0", source = { registry = "https://pypi.org/simple" }, marker = "python_full_version < '3.9'" },
    { name = "stdlib-list", version = "0.11.1", source = { registry = "https://pypi.org/simple" }, marker = "python_full_version >= '3.9'" },
]

[package.metadata]
requires-dist = [{ name = "stdlib-list", specifier = ">=0.10.0" }]

[[package]]
name = "stdlib-list"
version = "0.10.0"
source = { registry = "https://pypi.org/simple" }
resolution-markers = [
    "python_full_version < '3.9'",
]
sdist = { url = "https://files.pythonhosted.org/packages/39/bb/1cdbc326a5ab0026602e0489cbf02357e78140253c4b57cd866d380eb355/stdlib_list-0.10.0.tar.gz", hash = "sha256:6519c50d645513ed287657bfe856d527f277331540691ddeaf77b25459964a14", size = 59447 }
wheels = [
    { url = "https://files.pythonhosted.org/packages/13/d9/9085375f0d23a4896b307bf14dcc61b49ec8cc67cb33e06cf95bf3af3966/stdlib_list-0.10.0-py3-none-any.whl", hash = "sha256:b3a911bc441d03e0332dd1a9e7d0870ba3bb0a542a74d7524f54fb431256e214", size = 79814 },
]

[[package]]
name = "stdlib-list"
version = "0.11.1"
source = { registry = "https://pypi.org/simple" }
resolution-markers = [
    "python_full_version >= '3.9'",
]
sdist = { url = "https://files.pythonhosted.org/packages/5d/09/8d5c564931ae23bef17420a6c72618463a59222ca4291a7dd88de8a0d490/stdlib_list-0.11.1.tar.gz", hash = "sha256:95ebd1d73da9333bba03ccc097f5bac05e3aa03e6822a0c0290f87e1047f1857", size = 60442 }
wheels = [
    { url = "https://files.pythonhosted.org/packages/88/c7/4102536de33c19d090ed2b04e90e7452e2e3dc653cf3323208034eaaca27/stdlib_list-0.11.1-py3-none-any.whl", hash = "sha256:9029ea5e3dfde8cd4294cfd4d1797be56a67fc4693c606181730148c3fd1da29", size = 83620 },
]
