# generated by rye
# use `rye lock` or `rye sync` to update this lockfile
#
# last locked with the following flags:
#   pre: false
#   features: []
#   all-features: false
#   with-sources: false
#   generate-hashes: false
#   universal: false

-e file:.
aiodns==3.2.0
    # via ccxt
aiohttp==3.9.5
    # via ccxt
    # via python-binance
aiosignal==1.3.1
    # via aiohttp
annotated-types==0.7.0
    # via pydantic
argcomplete==3.3.0
    # via commitizen
arrow==1.3.0
    # via tradingtoolbox
attrs==23.2.0
    # via aiohttp
babel==2.16.0
    # via mkdocs-git-revision-date-localized-plugin
    # via mkdocs-material
ccxt==4.4.12
    # via tradingtoolbox
certifi==2024.7.4
    # via ccxt
    # via clickhouse-connect
    # via requests
cffi==1.17.1
    # via cryptography
    # via pycares
cfgv==3.4.0
    # via pre-commit
charset-normalizer==3.3.2
    # via commitizen
    # via requests
click==8.1.7
    # via mkdocs
    # via mkdocstrings
clickhouse-connect==0.7.16
    # via tradingtoolbox
colorama==0.4.6
    # via commitizen
    # via griffe
    # via mkdocs-material
commitizen==3.27.0
cryptography==43.0.1
    # via ccxt
dateparser==1.2.0
    # via python-binance
decli==0.6.2
    # via commitizen
distlib==0.3.8
    # via virtualenv
filelock==3.15.4
    # via virtualenv
frozenlist==1.4.1
    # via aiohttp
    # via aiosignal
ghp-import==2.1.0
    # via mkdocs
gitdb==4.0.11
    # via gitpython
gitpython==3.1.43
    # via mkdocs-git-committers-plugin-2
    # via mkdocs-git-revision-date-localized-plugin
griffe==1.3.1
    # via mkdocstrings-python
identify==2.6.0
    # via pre-commit
idna==3.7
    # via requests
    # via yarl
importlib-metadata==7.2.1
    # via commitizen
    # via mike
importlib-resources==6.4.5
    # via mike
iniconfig==2.0.0
    # via pytest
jinja2==3.1.4
    # via commitizen
    # via mike
    # via mkdocs
    # via mkdocs-material
    # via mkdocstrings
loguru==0.7.2
    # via tradingtoolbox
lz4==4.3.3
    # via clickhouse-connect
markdown==3.7
    # via mkdocs
    # via mkdocs-autorefs
    # via mkdocs-material
    # via mkdocstrings
    # via pymdown-extensions
markdown-it-py==3.0.0
    # via rich
markupsafe==2.1.5
    # via jinja2
    # via mkdocs
    # via mkdocs-autorefs
    # via mkdocstrings
mdurl==0.1.2
    # via markdown-it-py
mergedeep==1.3.4
    # via mkdocs
    # via mkdocs-get-deps
mike==2.1.3
mkdocs==1.6.1
    # via mike
    # via mkdocs-autorefs
    # via mkdocs-gen-files
    # via mkdocs-git-authors-plugin
    # via mkdocs-git-committers-plugin-2
    # via mkdocs-git-revision-date-localized-plugin
    # via mkdocs-literate-nav
    # via mkdocs-material
    # via mkdocs-section-index
    # via mkdocstrings
mkdocs-autorefs==1.2.0
    # via mkdocstrings
    # via mkdocstrings-python
mkdocs-gen-files==0.5.0
mkdocs-get-deps==0.2.0
    # via mkdocs
mkdocs-git-authors-plugin==0.9.0
mkdocs-git-committers-plugin-2==2.3.0
mkdocs-git-revision-date-localized-plugin==1.2.9
mkdocs-literate-nav==0.6.1
mkdocs-material==9.5.38
mkdocs-material-extensions==1.3.1
    # via mkdocs-material
mkdocs-section-index==0.3.9
mkdocstrings==0.26.1
    # via mkdocstrings-python
mkdocstrings-python==1.11.1
    # via mkdocstrings
msgspec==0.18.6
    # via tradingtoolbox
multidict==6.0.5
    # via aiohttp
    # via yarl
nodeenv==1.9.1
    # via pre-commit
    # via pyright
numpy==2.0.1
    # via pandas
    # via pyarrow
orjson==3.10.6
    # via tradingtoolbox
packaging==24.1
    # via commitizen
    # via mkdocs
    # via pytest
paginate==0.5.7
    # via mkdocs-material
pandas==2.2.2
    # via tradingtoolbox
pathspec==0.12.1
    # via mkdocs
pip==24.1.2
platformdirs==4.2.2
    # via mkdocs-get-deps
    # via mkdocstrings
    # via virtualenv
pluggy==1.5.0
    # via pytest
pre-commit==3.7.1
prompt-toolkit==3.0.36
    # via questionary
pyarrow==17.0.0
    # via tradingtoolbox
pycares==4.4.0
    # via aiodns
pycparser==2.22
    # via cffi
pycryptodome==3.20.0
    # via python-binance
pydantic==2.9.2
    # via tradingtoolbox
pydantic-core==2.23.4
    # via pydantic
pygments==2.18.0
    # via mkdocs-material
    # via rich
pymdown-extensions==10.11
    # via mkdocs-material
    # via mkdocstrings
pyparsing==3.1.4
    # via mike
pyright==1.1.371
pytest==8.2.2
    # via pytest-asyncio
pytest-asyncio==0.24.0
    # via tradingtoolbox
python-binance==1.0.19
    # via tradingtoolbox
python-dateutil==2.9.0.post0
    # via arrow
    # via dateparser
    # via ghp-import
    # via pandas
    # via tradingtoolbox
pytz==2024.1
    # via clickhouse-connect
    # via dateparser
    # via mkdocs-git-revision-date-localized-plugin
    # via pandas
pyyaml==6.0.1
    # via commitizen
    # via mike
    # via mkdocs
    # via mkdocs-get-deps
    # via pre-commit
    # via pymdown-extensions
    # via pyyaml-env-tag
pyyaml-env-tag==0.1
    # via mike
    # via mkdocs
questionary==2.0.1
    # via commitizen
regex==2024.5.15
    # via dateparser
    # via mkdocs-material
requests==2.32.3
    # via ccxt
    # via mkdocs-git-committers-plugin-2
    # via mkdocs-material
    # via python-binance
rich==13.8.1
    # via tradingtoolbox
setuptools==75.1.0
    # via ccxt
six==1.16.0
    # via python-binance
    # via python-dateutil
smmap==5.0.1
    # via gitdb
termcolor==2.4.0
    # via commitizen
tomlkit==0.13.0
    # via commitizen
types-python-dateutil==2.9.0.20241003
    # via arrow
typing-extensions==4.12.2
    # via ccxt
    # via pydantic
    # via pydantic-core
tzdata==2024.1
    # via pandas
tzlocal==5.2
    # via dateparser
ujson==5.10.0
    # via python-binance
urllib3==2.2.2
    # via clickhouse-connect
    # via requests
uvloop==0.20.0
    # via tradingtoolbox
verspec==0.1.0
    # via mike
virtualenv==20.26.3
    # via pre-commit
watchdog==5.0.3
    # via mkdocs
wcwidth==0.2.13
    # via prompt-toolkit
websockets==12.0
    # via python-binance
yarl==1.9.4
    # via aiohttp
    # via ccxt
zipp==3.19.2
    # via importlib-metadata
zstandard==0.23.0
    # via clickhouse-connect
