# generated by rye
# use `rye lock` or `rye sync` to update this lockfile
#
# last locked with the following flags:
#   pre: false
#   features: []
#   all-features: false
#   with-sources: false
#   generate-hashes: false
#   universal: false

-e file:.
aiodns==3.2.0
    # via ccxt
aiohttp==3.9.5
    # via ccxt
    # via python-binance
aiosignal==1.3.1
    # via aiohttp
annotated-types==0.7.0
    # via pydantic
arrow==1.3.0
    # via tradingtoolbox
attrs==23.2.0
    # via aiohttp
ccxt==4.4.12
    # via tradingtoolbox
certifi==2024.7.4
    # via ccxt
    # via clickhouse-connect
    # via requests
cffi==1.17.1
    # via cryptography
    # via pycares
charset-normalizer==3.3.2
    # via requests
clickhouse-connect==0.7.16
    # via tradingtoolbox
cryptography==43.0.1
    # via ccxt
dateparser==1.2.0
    # via python-binance
frozenlist==1.4.1
    # via aiohttp
    # via aiosignal
idna==3.7
    # via requests
    # via yarl
iniconfig==2.0.0
    # via pytest
loguru==0.7.2
    # via tradingtoolbox
lz4==4.3.3
    # via clickhouse-connect
markdown-it-py==3.0.0
    # via rich
mdurl==0.1.2
    # via markdown-it-py
msgspec==0.18.6
    # via tradingtoolbox
multidict==6.0.5
    # via aiohttp
    # via yarl
numpy==2.0.1
    # via pandas
    # via pyarrow
orjson==3.10.7
    # via tradingtoolbox
packaging==24.1
    # via pytest
pandas==2.2.2
    # via tradingtoolbox
pluggy==1.5.0
    # via pytest
pyarrow==17.0.0
    # via tradingtoolbox
pycares==4.4.0
    # via aiodns
pycparser==2.22
    # via cffi
pycryptodome==3.20.0
    # via python-binance
pydantic==2.9.2
    # via tradingtoolbox
pydantic-core==2.23.4
    # via pydantic
pygments==2.18.0
    # via rich
pytest==8.3.3
    # via pytest-asyncio
pytest-asyncio==0.24.0
    # via tradingtoolbox
python-binance==1.0.19
    # via tradingtoolbox
python-dateutil==2.9.0.post0
    # via arrow
    # via dateparser
    # via pandas
    # via tradingtoolbox
pytz==2024.1
    # via clickhouse-connect
    # via dateparser
    # via pandas
regex==2024.5.15
    # via dateparser
requests==2.32.3
    # via ccxt
    # via python-binance
rich==13.8.1
    # via tradingtoolbox
setuptools==75.1.0
    # via ccxt
six==1.16.0
    # via python-binance
    # via python-dateutil
types-python-dateutil==2.9.0.20241003
    # via arrow
typing-extensions==4.12.2
    # via ccxt
    # via pydantic
    # via pydantic-core
tzdata==2024.1
    # via pandas
tzlocal==5.2
    # via dateparser
ujson==5.10.0
    # via python-binance
urllib3==2.2.2
    # via clickhouse-connect
    # via requests
uvloop==0.20.0
    # via tradingtoolbox
websockets==12.0
    # via python-binance
yarl==1.9.4
    # via aiohttp
    # via ccxt
zstandard==0.23.0
    # via clickhouse-connect
